// !$*UTF8*$!
{
	archiveVersion = 1;
	classes = {
	};
	objectVersion = 56;
	objects = {

/* Begin PBXBuildFile section */
		05785D64A5212FF5DEA749F7 /* Pods_TrackerYandexPracticum.framework in Frameworks */ = {isa = PBXBuildFile; fileRef = BB36D5890F995F87A19ADD2F /* Pods_TrackerYandexPracticum.framework */; };
		841D61732B502D3A00147736 /* CategoryCell.swift in Sources */ = {isa = PBXBuildFile; fileRef = 841D61722B502D3A00147736 /* CategoryCell.swift */; };
		841D61752B503A9400147736 /* CategoryCellViewModel.swift in Sources */ = {isa = PBXBuildFile; fileRef = 841D61742B503A9400147736 /* CategoryCellViewModel.swift */; };
		841D61772B5040B900147736 /* CategoryViewModel.swift in Sources */ = {isa = PBXBuildFile; fileRef = 841D61762B5040B900147736 /* CategoryViewModel.swift */; };
		841D61792B5040C700147736 /* CategoryViewController.swift in Sources */ = {isa = PBXBuildFile; fileRef = 841D61782B5040C700147736 /* CategoryViewController.swift */; };
		841D617B2B5043EA00147736 /* AddCategoryViewController.swift in Sources */ = {isa = PBXBuildFile; fileRef = 841D617A2B5043EA00147736 /* AddCategoryViewController.swift */; };
		841D617D2B52FC4E00147736 /* OnBoardingViewController.swift in Sources */ = {isa = PBXBuildFile; fileRef = 841D617C2B52FC4E00147736 /* OnBoardingViewController.swift */; };
		841D617F2B52FD2200147736 /* UserDefaults+Extension.swift in Sources */ = {isa = PBXBuildFile; fileRef = 841D617E2B52FD2200147736 /* UserDefaults+Extension.swift */; };
		8436150D2B10465F003D1B6F /* AppDelegate.swift in Sources */ = {isa = PBXBuildFile; fileRef = 8436150C2B10465E003D1B6F /* AppDelegate.swift */; };
		8436150F2B10465F003D1B6F /* SceneDelegate.swift in Sources */ = {isa = PBXBuildFile; fileRef = 8436150E2B10465F003D1B6F /* SceneDelegate.swift */; };
		843615112B10465F003D1B6F /* TrackerController.swift in Sources */ = {isa = PBXBuildFile; fileRef = 843615102B10465F003D1B6F /* TrackerController.swift */; };
		843615162B10465F003D1B6F /* Assets.xcassets in Resources */ = {isa = PBXBuildFile; fileRef = 843615152B10465F003D1B6F /* Assets.xcassets */; };
		847242B42B1231DA002B5ADF /* StatsController.swift in Sources */ = {isa = PBXBuildFile; fileRef = 847242B32B1231DA002B5ADF /* StatsController.swift */; };
		847242B62B12322D002B5ADF /* TabBarController.swift in Sources */ = {isa = PBXBuildFile; fileRef = 847242B52B12322D002B5ADF /* TabBarController.swift */; };
		8476B9102B98D65C00513277 /* AnalyticService.swift in Sources */ = {isa = PBXBuildFile; fileRef = 8476B90F2B98D65C00513277 /* AnalyticService.swift */; };
		849C162C2B2F2AE6009D3E87 /* EmojiCell.swift in Sources */ = {isa = PBXBuildFile; fileRef = 849C162B2B2F2AE6009D3E87 /* EmojiCell.swift */; };
		849C162E2B2F2DE0009D3E87 /* ColorCell.swift in Sources */ = {isa = PBXBuildFile; fileRef = 849C162D2B2F2DE0009D3E87 /* ColorCell.swift */; };
		849C16302B2F6054009D3E87 /* ConfigHeader.swift in Sources */ = {isa = PBXBuildFile; fileRef = 849C162F2B2F6054009D3E87 /* ConfigHeader.swift */; };
		849D20B12B36AD07005F4576 /* TrackerCoreData.xcdatamodeld in Sources */ = {isa = PBXBuildFile; fileRef = 849D20AF2B36AD07005F4576 /* TrackerCoreData.xcdatamodeld */; };
		849D20D92B3707B6005F4576 /* TrackerCategoryStore.swift in Sources */ = {isa = PBXBuildFile; fileRef = 849D20D82B3707B6005F4576 /* TrackerCategoryStore.swift */; };
		849D20DB2B3707C4005F4576 /* TrackerRecordStore.swift in Sources */ = {isa = PBXBuildFile; fileRef = 849D20DA2B3707C4005F4576 /* TrackerRecordStore.swift */; };
		849D20DD2B3707D1005F4576 /* TrackerStore.swift in Sources */ = {isa = PBXBuildFile; fileRef = 849D20DC2B3707D1005F4576 /* TrackerStore.swift */; };
		849D20E82B39B978005F4576 /* TrackerStoreUpdate.swift in Sources */ = {isa = PBXBuildFile; fileRef = 849D20E72B39B978005F4576 /* TrackerStoreUpdate.swift */; };
		84A240212B18D0CB00E6C059 /* Tracker.swift in Sources */ = {isa = PBXBuildFile; fileRef = 84A240202B18D0CB00E6C059 /* Tracker.swift */; };
		84C35ABB2B5416FD0071B4B2 /* AddCategoryViewModel.swift in Sources */ = {isa = PBXBuildFile; fileRef = 84C35ABA2B5416FD0071B4B2 /* AddCategoryViewModel.swift */; };
		84D3665E2B871C8F00BA186C /* InfoPlist.strings in Resources */ = {isa = PBXBuildFile; fileRef = 84D366602B871C8F00BA186C /* InfoPlist.strings */; };
		84D366612B871C9500BA186C /* Localizable.strings in Resources */ = {isa = PBXBuildFile; fileRef = 84D366632B871C9500BA186C /* Localizable.strings */; };
		84D3666C2B871EF600BA186C /* Localizable.stringsdict in Resources */ = {isa = PBXBuildFile; fileRef = 84D3666E2B871EF600BA186C /* Localizable.stringsdict */; };
		84D366732B8721BB00BA186C /* Array+Extension.swift in Sources */ = {isa = PBXBuildFile; fileRef = 84D366722B8721BB00BA186C /* Array+Extension.swift */; };
		84D557072B1E36CE00EBAE8D /* TrackerCell.swift in Sources */ = {isa = PBXBuildFile; fileRef = 84D557062B1E36CE00EBAE8D /* TrackerCell.swift */; };
		84D5570A2B1E371200EBAE8D /* SectionHeader.swift in Sources */ = {isa = PBXBuildFile; fileRef = 84D557092B1E371200EBAE8D /* SectionHeader.swift */; };
		84D5570D2B1E4F7500EBAE8D /* TrackersFactoryCD.swift in Sources */ = {isa = PBXBuildFile; fileRef = 84D5570C2B1E4F7500EBAE8D /* TrackersFactoryCD.swift */; };
		84D5570F2B1F632C00EBAE8D /* TrackerTypeController.swift in Sources */ = {isa = PBXBuildFile; fileRef = 84D5570E2B1F632C00EBAE8D /* TrackerTypeController.swift */; };
		84D557122B1F66B700EBAE8D /* TypeButton.swift in Sources */ = {isa = PBXBuildFile; fileRef = 84D557112B1F66B700EBAE8D /* TypeButton.swift */; };
		84D557142B1F8C0E00EBAE8D /* ConfigTypeController.swift in Sources */ = {isa = PBXBuildFile; fileRef = 84D557132B1F8C0E00EBAE8D /* ConfigTypeController.swift */; };
		84D557162B20167C00EBAE8D /* SettingsButton.swift in Sources */ = {isa = PBXBuildFile; fileRef = 84D557152B20167C00EBAE8D /* SettingsButton.swift */; };
		84D557182B20B74900EBAE8D /* Separators.swift in Sources */ = {isa = PBXBuildFile; fileRef = 84D557172B20B74900EBAE8D /* Separators.swift */; };
		84D5571A2B2209D000EBAE8D /* EmptyView.swift in Sources */ = {isa = PBXBuildFile; fileRef = 84D557192B2209D000EBAE8D /* EmptyView.swift */; };
		84D5571D2B22189500EBAE8D /* Date+Extensions.swift in Sources */ = {isa = PBXBuildFile; fileRef = 84D5571C2B22189500EBAE8D /* Date+Extensions.swift */; };
		84D5571F2B221C0F00EBAE8D /* Resources.swift in Sources */ = {isa = PBXBuildFile; fileRef = 84D5571E2B221C0F00EBAE8D /* Resources.swift */; };
		84D557212B23635900EBAE8D /* Controller+Extension.swift in Sources */ = {isa = PBXBuildFile; fileRef = 84D557202B23635900EBAE8D /* Controller+Extension.swift */; };
		84D557262B241F7000EBAE8D /* ScheduleController.swift in Sources */ = {isa = PBXBuildFile; fileRef = 84D557252B241F7000EBAE8D /* ScheduleController.swift */; };
/* End PBXBuildFile section */

/* Begin PBXFileReference section */
		0E67DE1CB27D3D59119BB5EA /* Pods-TrackerYandexPracticum.debug.xcconfig */ = {isa = PBXFileReference; includeInIndex = 1; lastKnownFileType = text.xcconfig; name = "Pods-TrackerYandexPracticum.debug.xcconfig"; path = "Target Support Files/Pods-TrackerYandexPracticum/Pods-TrackerYandexPracticum.debug.xcconfig"; sourceTree = "<group>"; };
		6496D71DCA8359FF2A39C3EE /* Pods-TrackerYandexPracticum.release.xcconfig */ = {isa = PBXFileReference; includeInIndex = 1; lastKnownFileType = text.xcconfig; name = "Pods-TrackerYandexPracticum.release.xcconfig"; path = "Target Support Files/Pods-TrackerYandexPracticum/Pods-TrackerYandexPracticum.release.xcconfig"; sourceTree = "<group>"; };
		841D61722B502D3A00147736 /* CategoryCell.swift */ = {isa = PBXFileReference; lastKnownFileType = sourcecode.swift; path = CategoryCell.swift; sourceTree = "<group>"; };
		841D61742B503A9400147736 /* CategoryCellViewModel.swift */ = {isa = PBXFileReference; lastKnownFileType = sourcecode.swift; path = CategoryCellViewModel.swift; sourceTree = "<group>"; };
		841D61762B5040B900147736 /* CategoryViewModel.swift */ = {isa = PBXFileReference; lastKnownFileType = sourcecode.swift; path = CategoryViewModel.swift; sourceTree = "<group>"; };
		841D61782B5040C700147736 /* CategoryViewController.swift */ = {isa = PBXFileReference; lastKnownFileType = sourcecode.swift; path = CategoryViewController.swift; sourceTree = "<group>"; };
		841D617A2B5043EA00147736 /* AddCategoryViewController.swift */ = {isa = PBXFileReference; lastKnownFileType = sourcecode.swift; path = AddCategoryViewController.swift; sourceTree = "<group>"; };
		841D617C2B52FC4E00147736 /* OnBoardingViewController.swift */ = {isa = PBXFileReference; lastKnownFileType = sourcecode.swift; path = OnBoardingViewController.swift; sourceTree = "<group>"; };
		841D617E2B52FD2200147736 /* UserDefaults+Extension.swift */ = {isa = PBXFileReference; lastKnownFileType = sourcecode.swift; path = "UserDefaults+Extension.swift"; sourceTree = "<group>"; };
		843615092B10465E003D1B6F /* TrackerYandexPracticum.app */ = {isa = PBXFileReference; explicitFileType = wrapper.application; includeInIndex = 0; path = TrackerYandexPracticum.app; sourceTree = BUILT_PRODUCTS_DIR; };
		8436150C2B10465E003D1B6F /* AppDelegate.swift */ = {isa = PBXFileReference; lastKnownFileType = sourcecode.swift; path = AppDelegate.swift; sourceTree = "<group>"; };
		8436150E2B10465F003D1B6F /* SceneDelegate.swift */ = {isa = PBXFileReference; lastKnownFileType = sourcecode.swift; path = SceneDelegate.swift; sourceTree = "<group>"; };
		843615102B10465F003D1B6F /* TrackerController.swift */ = {isa = PBXFileReference; lastKnownFileType = sourcecode.swift; path = TrackerController.swift; sourceTree = "<group>"; };
		843615152B10465F003D1B6F /* Assets.xcassets */ = {isa = PBXFileReference; lastKnownFileType = folder.assetcatalog; path = Assets.xcassets; sourceTree = "<group>"; };
		8436151A2B10465F003D1B6F /* Info.plist */ = {isa = PBXFileReference; lastKnownFileType = text.plist.xml; path = Info.plist; sourceTree = "<group>"; };
		847242B32B1231DA002B5ADF /* StatsController.swift */ = {isa = PBXFileReference; lastKnownFileType = sourcecode.swift; path = StatsController.swift; sourceTree = "<group>"; };
		847242B52B12322D002B5ADF /* TabBarController.swift */ = {isa = PBXFileReference; lastKnownFileType = sourcecode.swift; path = TabBarController.swift; sourceTree = "<group>"; };
		8476B90F2B98D65C00513277 /* AnalyticService.swift */ = {isa = PBXFileReference; fileEncoding = 4; lastKnownFileType = sourcecode.swift; path = AnalyticService.swift; sourceTree = "<group>"; };
		849C162B2B2F2AE6009D3E87 /* EmojiCell.swift */ = {isa = PBXFileReference; lastKnownFileType = sourcecode.swift; path = EmojiCell.swift; sourceTree = "<group>"; };
		849C162D2B2F2DE0009D3E87 /* ColorCell.swift */ = {isa = PBXFileReference; lastKnownFileType = sourcecode.swift; path = ColorCell.swift; sourceTree = "<group>"; };
		849C162F2B2F6054009D3E87 /* ConfigHeader.swift */ = {isa = PBXFileReference; lastKnownFileType = sourcecode.swift; path = ConfigHeader.swift; sourceTree = "<group>"; };
		849D20B02B36AD07005F4576 /* TrackerCoreData.xcdatamodel */ = {isa = PBXFileReference; lastKnownFileType = wrapper.xcdatamodel; path = TrackerCoreData.xcdatamodel; sourceTree = "<group>"; };
		849D20D82B3707B6005F4576 /* TrackerCategoryStore.swift */ = {isa = PBXFileReference; lastKnownFileType = sourcecode.swift; path = TrackerCategoryStore.swift; sourceTree = "<group>"; };
		849D20DA2B3707C4005F4576 /* TrackerRecordStore.swift */ = {isa = PBXFileReference; lastKnownFileType = sourcecode.swift; path = TrackerRecordStore.swift; sourceTree = "<group>"; };
		849D20DC2B3707D1005F4576 /* TrackerStore.swift */ = {isa = PBXFileReference; lastKnownFileType = sourcecode.swift; path = TrackerStore.swift; sourceTree = "<group>"; };
		849D20E72B39B978005F4576 /* TrackerStoreUpdate.swift */ = {isa = PBXFileReference; lastKnownFileType = sourcecode.swift; path = TrackerStoreUpdate.swift; sourceTree = "<group>"; };
		84A240202B18D0CB00E6C059 /* Tracker.swift */ = {isa = PBXFileReference; lastKnownFileType = sourcecode.swift; path = Tracker.swift; sourceTree = "<group>"; };
		84C35ABA2B5416FD0071B4B2 /* AddCategoryViewModel.swift */ = {isa = PBXFileReference; lastKnownFileType = sourcecode.swift; path = AddCategoryViewModel.swift; sourceTree = "<group>"; };
		84D3665F2B871C8F00BA186C /* ru */ = {isa = PBXFileReference; lastKnownFileType = text.plist.strings; name = ru; path = ru.lproj/InfoPlist.strings; sourceTree = "<group>"; };
		84D366622B871C9500BA186C /* ru */ = {isa = PBXFileReference; lastKnownFileType = text.plist.strings; name = ru; path = ru.lproj/Localizable.strings; sourceTree = "<group>"; };
		84D366642B871C9900BA186C /* ar */ = {isa = PBXFileReference; lastKnownFileType = text.plist.strings; name = ar; path = ar.lproj/Localizable.strings; sourceTree = "<group>"; };
		84D366652B871C9A00BA186C /* en */ = {isa = PBXFileReference; lastKnownFileType = text.plist.strings; name = en; path = en.lproj/Localizable.strings; sourceTree = "<group>"; };
		84D366662B871C9B00BA186C /* de */ = {isa = PBXFileReference; lastKnownFileType = text.plist.strings; name = de; path = de.lproj/Localizable.strings; sourceTree = "<group>"; };
		84D366672B871CA000BA186C /* ar */ = {isa = PBXFileReference; lastKnownFileType = text.plist.strings; name = ar; path = ar.lproj/InfoPlist.strings; sourceTree = "<group>"; };
		84D366682B871CA000BA186C /* de */ = {isa = PBXFileReference; lastKnownFileType = text.plist.strings; name = de; path = de.lproj/InfoPlist.strings; sourceTree = "<group>"; };
		84D366692B871CA100BA186C /* en */ = {isa = PBXFileReference; lastKnownFileType = text.plist.strings; name = en; path = en.lproj/InfoPlist.strings; sourceTree = "<group>"; };
		84D3666D2B871EF600BA186C /* ru */ = {isa = PBXFileReference; lastKnownFileType = text.plist.stringsdict; name = ru; path = ru.lproj/Localizable.stringsdict; sourceTree = "<group>"; };
		84D3666F2B871EF700BA186C /* ar */ = {isa = PBXFileReference; lastKnownFileType = text.plist.stringsdict; name = ar; path = ar.lproj/Localizable.stringsdict; sourceTree = "<group>"; };
		84D366702B871EF800BA186C /* en */ = {isa = PBXFileReference; lastKnownFileType = text.plist.stringsdict; name = en; path = en.lproj/Localizable.stringsdict; sourceTree = "<group>"; };
		84D366712B871EF900BA186C /* de */ = {isa = PBXFileReference; lastKnownFileType = text.plist.stringsdict; name = de; path = de.lproj/Localizable.stringsdict; sourceTree = "<group>"; };
		84D366722B8721BB00BA186C /* Array+Extension.swift */ = {isa = PBXFileReference; lastKnownFileType = sourcecode.swift; path = "Array+Extension.swift"; sourceTree = "<group>"; };
		84D557062B1E36CE00EBAE8D /* TrackerCell.swift */ = {isa = PBXFileReference; lastKnownFileType = sourcecode.swift; path = TrackerCell.swift; sourceTree = "<group>"; };
		84D557092B1E371200EBAE8D /* SectionHeader.swift */ = {isa = PBXFileReference; lastKnownFileType = sourcecode.swift; path = SectionHeader.swift; sourceTree = "<group>"; };
		84D5570C2B1E4F7500EBAE8D /* TrackersFactoryCD.swift */ = {isa = PBXFileReference; lastKnownFileType = sourcecode.swift; path = TrackersFactoryCD.swift; sourceTree = "<group>"; };
		84D5570E2B1F632C00EBAE8D /* TrackerTypeController.swift */ = {isa = PBXFileReference; lastKnownFileType = sourcecode.swift; path = TrackerTypeController.swift; sourceTree = "<group>"; };
		84D557112B1F66B700EBAE8D /* TypeButton.swift */ = {isa = PBXFileReference; lastKnownFileType = sourcecode.swift; path = TypeButton.swift; sourceTree = "<group>"; };
		84D557132B1F8C0E00EBAE8D /* ConfigTypeController.swift */ = {isa = PBXFileReference; lastKnownFileType = sourcecode.swift; path = ConfigTypeController.swift; sourceTree = "<group>"; };
		84D557152B20167C00EBAE8D /* SettingsButton.swift */ = {isa = PBXFileReference; lastKnownFileType = sourcecode.swift; path = SettingsButton.swift; sourceTree = "<group>"; };
		84D557172B20B74900EBAE8D /* Separators.swift */ = {isa = PBXFileReference; lastKnownFileType = sourcecode.swift; path = Separators.swift; sourceTree = "<group>"; };
		84D557192B2209D000EBAE8D /* EmptyView.swift */ = {isa = PBXFileReference; lastKnownFileType = sourcecode.swift; path = EmptyView.swift; sourceTree = "<group>"; };
		84D5571C2B22189500EBAE8D /* Date+Extensions.swift */ = {isa = PBXFileReference; lastKnownFileType = sourcecode.swift; path = "Date+Extensions.swift"; sourceTree = "<group>"; };
		84D5571E2B221C0F00EBAE8D /* Resources.swift */ = {isa = PBXFileReference; lastKnownFileType = sourcecode.swift; path = Resources.swift; sourceTree = "<group>"; };
		84D557202B23635900EBAE8D /* Controller+Extension.swift */ = {isa = PBXFileReference; lastKnownFileType = sourcecode.swift; path = "Controller+Extension.swift"; sourceTree = "<group>"; };
		84D557252B241F7000EBAE8D /* ScheduleController.swift */ = {isa = PBXFileReference; lastKnownFileType = sourcecode.swift; path = ScheduleController.swift; sourceTree = "<group>"; };
		BB36D5890F995F87A19ADD2F /* Pods_TrackerYandexPracticum.framework */ = {isa = PBXFileReference; explicitFileType = wrapper.framework; includeInIndex = 0; path = Pods_TrackerYandexPracticum.framework; sourceTree = BUILT_PRODUCTS_DIR; };
/* End PBXFileReference section */

/* Begin PBXFrameworksBuildPhase section */
		843615062B10465E003D1B6F /* Frameworks */ = {
			isa = PBXFrameworksBuildPhase;
			buildActionMask = 2147483647;
			files = (
				05785D64A5212FF5DEA749F7 /* Pods_TrackerYandexPracticum.framework in Frameworks */,
			);
			runOnlyForDeploymentPostprocessing = 0;
		};
/* End PBXFrameworksBuildPhase section */

/* Begin PBXGroup section */
		0D9E9C669C8790FF5FF13F5B /* Frameworks */ = {
			isa = PBXGroup;
			children = (
				BB36D5890F995F87A19ADD2F /* Pods_TrackerYandexPracticum.framework */,
			);
			name = Frameworks;
			sourceTree = "<group>";
		};
		2F38537255A6C0C978B21C60 /* Pods */ = {
			isa = PBXGroup;
			children = (
				0E67DE1CB27D3D59119BB5EA /* Pods-TrackerYandexPracticum.debug.xcconfig */,
				6496D71DCA8359FF2A39C3EE /* Pods-TrackerYandexPracticum.release.xcconfig */,
			);
			path = Pods;
			sourceTree = "<group>";
		};
		841D61712B502D1400147736 /* CategoryList */ = {
			isa = PBXGroup;
			children = (
				841D61722B502D3A00147736 /* CategoryCell.swift */,
				841D61742B503A9400147736 /* CategoryCellViewModel.swift */,
				841D61762B5040B900147736 /* CategoryViewModel.swift */,
				841D61782B5040C700147736 /* CategoryViewController.swift */,
				841D617A2B5043EA00147736 /* AddCategoryViewController.swift */,
				84C35ABA2B5416FD0071B4B2 /* AddCategoryViewModel.swift */,
			);
			path = CategoryList;
			sourceTree = "<group>";
		};
		843615002B10465E003D1B6F = {
			isa = PBXGroup;
			children = (
				8436150B2B10465E003D1B6F /* TrackerYandexPracticum */,
				8436150A2B10465E003D1B6F /* Products */,
				2F38537255A6C0C978B21C60 /* Pods */,
				0D9E9C669C8790FF5FF13F5B /* Frameworks */,
			);
			sourceTree = "<group>";
		};
		8436150A2B10465E003D1B6F /* Products */ = {
			isa = PBXGroup;
			children = (
				843615092B10465E003D1B6F /* TrackerYandexPracticum.app */,
			);
			name = Products;
			sourceTree = "<group>";
		};
		8436150B2B10465E003D1B6F /* TrackerYandexPracticum */ = {
			isa = PBXGroup;
			children = (
				84D5571B2B22187400EBAE8D /* Extensions */,
				8436150C2B10465E003D1B6F /* AppDelegate.swift */,
				8436150E2B10465F003D1B6F /* SceneDelegate.swift */,
				84D5570B2B1E4F4A00EBAE8D /* Services */,
				84D557052B1E36A400EBAE8D /* Views */,
				84A2401F2B18D08A00E6C059 /* Model */,
				84A2401E2B18D06C00E6C059 /* Controllers */,
				843615152B10465F003D1B6F /* Assets.xcassets */,
				84D366592B87193C00BA186C /* Resources */,
				8436151A2B10465F003D1B6F /* Info.plist */,
			);
			path = TrackerYandexPracticum;
			sourceTree = "<group>";
		};
		84A2401E2B18D06C00E6C059 /* Controllers */ = {
			isa = PBXGroup;
			children = (
				841D61712B502D1400147736 /* CategoryList */,
				843615102B10465F003D1B6F /* TrackerController.swift */,
				847242B32B1231DA002B5ADF /* StatsController.swift */,
				847242B52B12322D002B5ADF /* TabBarController.swift */,
				84D5570E2B1F632C00EBAE8D /* TrackerTypeController.swift */,
				84D557132B1F8C0E00EBAE8D /* ConfigTypeController.swift */,
				84D557252B241F7000EBAE8D /* ScheduleController.swift */,
				841D617C2B52FC4E00147736 /* OnBoardingViewController.swift */,
			);
			path = Controllers;
			sourceTree = "<group>";
		};
		84A2401F2B18D08A00E6C059 /* Model */ = {
			isa = PBXGroup;
			children = (
				84A240202B18D0CB00E6C059 /* Tracker.swift */,
				849D20AF2B36AD07005F4576 /* TrackerCoreData.xcdatamodeld */,
				849D20E72B39B978005F4576 /* TrackerStoreUpdate.swift */,
			);
			path = Model;
			sourceTree = "<group>";
		};
		84D366592B87193C00BA186C /* Resources */ = {
			isa = PBXGroup;
			children = (
				84D5571E2B221C0F00EBAE8D /* Resources.swift */,
				84D366632B871C9500BA186C /* Localizable.strings */,
				84D3666E2B871EF600BA186C /* Localizable.stringsdict */,
				84D366602B871C8F00BA186C /* InfoPlist.strings */,
			);
			path = Resources;
			sourceTree = "<group>";
		};
		84D557052B1E36A400EBAE8D /* Views */ = {
			isa = PBXGroup;
			children = (
				84D557062B1E36CE00EBAE8D /* TrackerCell.swift */,
				84D557092B1E371200EBAE8D /* SectionHeader.swift */,
				84D557112B1F66B700EBAE8D /* TypeButton.swift */,
				84D557152B20167C00EBAE8D /* SettingsButton.swift */,
				84D557172B20B74900EBAE8D /* Separators.swift */,
				84D557192B2209D000EBAE8D /* EmptyView.swift */,
				849C162B2B2F2AE6009D3E87 /* EmojiCell.swift */,
				849C162D2B2F2DE0009D3E87 /* ColorCell.swift */,
				849C162F2B2F6054009D3E87 /* ConfigHeader.swift */,
			);
			path = Views;
			sourceTree = "<group>";
		};
		84D5570B2B1E4F4A00EBAE8D /* Services */ = {
			isa = PBXGroup;
			children = (
				84D5570C2B1E4F7500EBAE8D /* TrackersFactoryCD.swift */,
				849D20D82B3707B6005F4576 /* TrackerCategoryStore.swift */,
				849D20DA2B3707C4005F4576 /* TrackerRecordStore.swift */,
				849D20DC2B3707D1005F4576 /* TrackerStore.swift */,
				8476B90F2B98D65C00513277 /* AnalyticService.swift */,
			);
			path = Services;
			sourceTree = "<group>";
		};
		84D5571B2B22187400EBAE8D /* Extensions */ = {
			isa = PBXGroup;
			children = (
				84D5571C2B22189500EBAE8D /* Date+Extensions.swift */,
				84D557202B23635900EBAE8D /* Controller+Extension.swift */,
				841D617E2B52FD2200147736 /* UserDefaults+Extension.swift */,
				84D366722B8721BB00BA186C /* Array+Extension.swift */,
			);
			path = Extensions;
			sourceTree = "<group>";
		};
/* End PBXGroup section */

/* Begin PBXNativeTarget section */
		843615082B10465E003D1B6F /* TrackerYandexPracticum */ = {
			isa = PBXNativeTarget;
			buildConfigurationList = 8436151D2B10465F003D1B6F /* Build configuration list for PBXNativeTarget "TrackerYandexPracticum" */;
			buildPhases = (
				79C7D58A51B3A116BCA99B5D /* [CP] Check Pods Manifest.lock */,
				843615052B10465E003D1B6F /* Sources */,
				843615062B10465E003D1B6F /* Frameworks */,
				843615072B10465E003D1B6F /* Resources */,
				FF8BAC3B8C9B7FF2A14C14D1 /* [CP] Embed Pods Frameworks */,
			);
			buildRules = (
			);
			dependencies = (
			);
			name = TrackerYandexPracticum;
			productName = TrackerYandexPracticum;
			productReference = 843615092B10465E003D1B6F /* TrackerYandexPracticum.app */;
			productType = "com.apple.product-type.application";
		};
/* End PBXNativeTarget section */

/* Begin PBXProject section */
		843615012B10465E003D1B6F /* Project object */ = {
			isa = PBXProject;
			attributes = {
				BuildIndependentTargetsInParallel = 1;
				LastSwiftUpdateCheck = 1500;
				LastUpgradeCheck = 1500;
				TargetAttributes = {
					843615082B10465E003D1B6F = {
						CreatedOnToolsVersion = 15.0.1;
					};
				};
			};
			buildConfigurationList = 843615042B10465E003D1B6F /* Build configuration list for PBXProject "TrackerYandexPracticum" */;
			compatibilityVersion = "Xcode 14.0";
			developmentRegion = ru;
			hasScannedForEncodings = 0;
			knownRegions = (
				en,
				Base,
				ar,
				de,
				ru,
			);
			mainGroup = 843615002B10465E003D1B6F;
			productRefGroup = 8436150A2B10465E003D1B6F /* Products */;
			projectDirPath = "";
			projectRoot = "";
			targets = (
				843615082B10465E003D1B6F /* TrackerYandexPracticum */,
			);
		};
/* End PBXProject section */

/* Begin PBXResourcesBuildPhase section */
		843615072B10465E003D1B6F /* Resources */ = {
			isa = PBXResourcesBuildPhase;
			buildActionMask = 2147483647;
			files = (
				84D3665E2B871C8F00BA186C /* InfoPlist.strings in Resources */,
				84D3666C2B871EF600BA186C /* Localizable.stringsdict in Resources */,
				84D366612B871C9500BA186C /* Localizable.strings in Resources */,
				843615162B10465F003D1B6F /* Assets.xcassets in Resources */,
			);
			runOnlyForDeploymentPostprocessing = 0;
		};
/* End PBXResourcesBuildPhase section */

/* Begin PBXShellScriptBuildPhase section */
		79C7D58A51B3A116BCA99B5D /* [CP] Check Pods Manifest.lock */ = {
			isa = PBXShellScriptBuildPhase;
			buildActionMask = 2147483647;
			files = (
			);
			inputFileListPaths = (
			);
			inputPaths = (
				"${PODS_PODFILE_DIR_PATH}/Podfile.lock",
				"${PODS_ROOT}/Manifest.lock",
			);
			name = "[CP] Check Pods Manifest.lock";
			outputFileListPaths = (
			);
			outputPaths = (
				"$(DERIVED_FILE_DIR)/Pods-TrackerYandexPracticum-checkManifestLockResult.txt",
			);
			runOnlyForDeploymentPostprocessing = 0;
			shellPath = /bin/sh;
			shellScript = "diff \"${PODS_PODFILE_DIR_PATH}/Podfile.lock\" \"${PODS_ROOT}/Manifest.lock\" > /dev/null\nif [ $? != 0 ] ; then\n    # print error to STDERR\n    echo \"error: The sandbox is not in sync with the Podfile.lock. Run 'pod install' or update your CocoaPods installation.\" >&2\n    exit 1\nfi\n# This output is used by Xcode 'outputs' to avoid re-running this script phase.\necho \"SUCCESS\" > \"${SCRIPT_OUTPUT_FILE_0}\"\n";
			showEnvVarsInLog = 0;
		};
		FF8BAC3B8C9B7FF2A14C14D1 /* [CP] Embed Pods Frameworks */ = {
			isa = PBXShellScriptBuildPhase;
			buildActionMask = 2147483647;
			files = (
			);
			inputFileListPaths = (
				"${PODS_ROOT}/Target Support Files/Pods-TrackerYandexPracticum/Pods-TrackerYandexPracticum-frameworks-${CONFIGURATION}-input-files.xcfilelist",
			);
			name = "[CP] Embed Pods Frameworks";
			outputFileListPaths = (
				"${PODS_ROOT}/Target Support Files/Pods-TrackerYandexPracticum/Pods-TrackerYandexPracticum-frameworks-${CONFIGURATION}-output-files.xcfilelist",
			);
			runOnlyForDeploymentPostprocessing = 0;
			shellPath = /bin/sh;
			shellScript = "\"${PODS_ROOT}/Target Support Files/Pods-TrackerYandexPracticum/Pods-TrackerYandexPracticum-frameworks.sh\"\n";
			showEnvVarsInLog = 0;
		};
/* End PBXShellScriptBuildPhase section */

/* Begin PBXSourcesBuildPhase section */
		843615052B10465E003D1B6F /* Sources */ = {
			isa = PBXSourcesBuildPhase;
			buildActionMask = 2147483647;
			files = (
				841D617B2B5043EA00147736 /* AddCategoryViewController.swift in Sources */,
				84A240212B18D0CB00E6C059 /* Tracker.swift in Sources */,
				84D5571F2B221C0F00EBAE8D /* Resources.swift in Sources */,
				84D366732B8721BB00BA186C /* Array+Extension.swift in Sources */,
				849D20B12B36AD07005F4576 /* TrackerCoreData.xcdatamodeld in Sources */,
				841D617F2B52FD2200147736 /* UserDefaults+Extension.swift in Sources */,
				841D61732B502D3A00147736 /* CategoryCell.swift in Sources */,
				849C16302B2F6054009D3E87 /* ConfigHeader.swift in Sources */,
				849C162E2B2F2DE0009D3E87 /* ColorCell.swift in Sources */,
				84C35ABB2B5416FD0071B4B2 /* AddCategoryViewModel.swift in Sources */,
				849C162C2B2F2AE6009D3E87 /* EmojiCell.swift in Sources */,
				84D5571A2B2209D000EBAE8D /* EmptyView.swift in Sources */,
				84D557212B23635900EBAE8D /* Controller+Extension.swift in Sources */,
				8476B9102B98D65C00513277 /* AnalyticService.swift in Sources */,
				843615112B10465F003D1B6F /* TrackerController.swift in Sources */,
				8436150D2B10465F003D1B6F /* AppDelegate.swift in Sources */,
				84D557072B1E36CE00EBAE8D /* TrackerCell.swift in Sources */,
				84D5570D2B1E4F7500EBAE8D /* TrackersFactoryCD.swift in Sources */,
				84D557162B20167C00EBAE8D /* SettingsButton.swift in Sources */,
				849D20E82B39B978005F4576 /* TrackerStoreUpdate.swift in Sources */,
				84D557262B241F7000EBAE8D /* ScheduleController.swift in Sources */,
				84D557142B1F8C0E00EBAE8D /* ConfigTypeController.swift in Sources */,
				84D5570A2B1E371200EBAE8D /* SectionHeader.swift in Sources */,
				84D5571D2B22189500EBAE8D /* Date+Extensions.swift in Sources */,
				84D557182B20B74900EBAE8D /* Separators.swift in Sources */,
				841D617D2B52FC4E00147736 /* OnBoardingViewController.swift in Sources */,
				84D5570F2B1F632C00EBAE8D /* TrackerTypeController.swift in Sources */,
				8436150F2B10465F003D1B6F /* SceneDelegate.swift in Sources */,
				841D61792B5040C700147736 /* CategoryViewController.swift in Sources */,
				841D61772B5040B900147736 /* CategoryViewModel.swift in Sources */,
				849D20DB2B3707C4005F4576 /* TrackerRecordStore.swift in Sources */,
				849D20D92B3707B6005F4576 /* TrackerCategoryStore.swift in Sources */,
				84D557122B1F66B700EBAE8D /* TypeButton.swift in Sources */,
				841D61752B503A9400147736 /* CategoryCellViewModel.swift in Sources */,
				847242B62B12322D002B5ADF /* TabBarController.swift in Sources */,
				849D20DD2B3707D1005F4576 /* TrackerStore.swift in Sources */,
				847242B42B1231DA002B5ADF /* StatsController.swift in Sources */,
			);
			runOnlyForDeploymentPostprocessing = 0;
		};
/* End PBXSourcesBuildPhase section */

/* Begin PBXVariantGroup section */
		84D366602B871C8F00BA186C /* InfoPlist.strings */ = {
			isa = PBXVariantGroup;
			children = (
				84D3665F2B871C8F00BA186C /* ru */,
				84D366672B871CA000BA186C /* ar */,
				84D366682B871CA000BA186C /* de */,
				84D366692B871CA100BA186C /* en */,
			);
			name = InfoPlist.strings;
			sourceTree = "<group>";
		};
		84D366632B871C9500BA186C /* Localizable.strings */ = {
			isa = PBXVariantGroup;
			children = (
				84D366622B871C9500BA186C /* ru */,
				84D366642B871C9900BA186C /* ar */,
				84D366652B871C9A00BA186C /* en */,
				84D366662B871C9B00BA186C /* de */,
			);
			name = Localizable.strings;
			sourceTree = "<group>";
		};
		84D3666E2B871EF600BA186C /* Localizable.stringsdict */ = {
			isa = PBXVariantGroup;
			children = (
				84D3666D2B871EF600BA186C /* ru */,
				84D3666F2B871EF700BA186C /* ar */,
				84D366702B871EF800BA186C /* en */,
				84D366712B871EF900BA186C /* de */,
			);
			name = Localizable.stringsdict;
			sourceTree = "<group>";
		};
/* End PBXVariantGroup section */

/* Begin XCBuildConfiguration section */
		8436151B2B10465F003D1B6F /* Debug */ = {
			isa = XCBuildConfiguration;
			buildSettings = {
				ALWAYS_SEARCH_USER_PATHS = NO;
				ASSETCATALOG_COMPILER_GENERATE_SWIFT_ASSET_SYMBOL_EXTENSIONS = YES;
				CLANG_ANALYZER_NONNULL = YES;
				CLANG_ANALYZER_NUMBER_OBJECT_CONVERSION = YES_AGGRESSIVE;
				CLANG_CXX_LANGUAGE_STANDARD = "gnu++20";
				CLANG_ENABLE_MODULES = YES;
				CLANG_ENABLE_OBJC_ARC = YES;
				CLANG_ENABLE_OBJC_WEAK = YES;
				CLANG_WARN_BLOCK_CAPTURE_AUTORELEASING = YES;
				CLANG_WARN_BOOL_CONVERSION = YES;
				CLANG_WARN_COMMA = YES;
				CLANG_WARN_CONSTANT_CONVERSION = YES;
				CLANG_WARN_DEPRECATED_OBJC_IMPLEMENTATIONS = YES;
				CLANG_WARN_DIRECT_OBJC_ISA_USAGE = YES_ERROR;
				CLANG_WARN_DOCUMENTATION_COMMENTS = YES;
				CLANG_WARN_EMPTY_BODY = YES;
				CLANG_WARN_ENUM_CONVERSION = YES;
				CLANG_WARN_INFINITE_RECURSION = YES;
				CLANG_WARN_INT_CONVERSION = YES;
				CLANG_WARN_NON_LITERAL_NULL_CONVERSION = YES;
				CLANG_WARN_OBJC_IMPLICIT_RETAIN_SELF = YES;
				CLANG_WARN_OBJC_LITERAL_CONVERSION = YES;
				CLANG_WARN_OBJC_ROOT_CLASS = YES_ERROR;
				CLANG_WARN_QUOTED_INCLUDE_IN_FRAMEWORK_HEADER = YES;
				CLANG_WARN_RANGE_LOOP_ANALYSIS = YES;
				CLANG_WARN_STRICT_PROTOTYPES = YES;
				CLANG_WARN_SUSPICIOUS_MOVE = YES;
				CLANG_WARN_UNGUARDED_AVAILABILITY = YES_AGGRESSIVE;
				CLANG_WARN_UNREACHABLE_CODE = YES;
				CLANG_WARN__DUPLICATE_METHOD_MATCH = YES;
				COPY_PHASE_STRIP = NO;
				DEBUG_INFORMATION_FORMAT = dwarf;
				ENABLE_STRICT_OBJC_MSGSEND = YES;
				ENABLE_TESTABILITY = YES;
				ENABLE_USER_SCRIPT_SANDBOXING = NO;
				GCC_C_LANGUAGE_STANDARD = gnu17;
				GCC_DYNAMIC_NO_PIC = NO;
				GCC_NO_COMMON_BLOCKS = YES;
				GCC_OPTIMIZATION_LEVEL = 0;
				GCC_PREPROCESSOR_DEFINITIONS = (
					"DEBUG=1",
					"$(inherited)",
				);
				GCC_WARN_64_TO_32_BIT_CONVERSION = YES;
				GCC_WARN_ABOUT_RETURN_TYPE = YES_ERROR;
				GCC_WARN_UNDECLARED_SELECTOR = YES;
				GCC_WARN_UNINITIALIZED_AUTOS = YES_AGGRESSIVE;
				GCC_WARN_UNUSED_FUNCTION = YES;
				GCC_WARN_UNUSED_VARIABLE = YES;
				IPHONEOS_DEPLOYMENT_TARGET = 17.0;
				LOCALIZATION_PREFERS_STRING_CATALOGS = YES;
				MTL_ENABLE_DEBUG_INFO = INCLUDE_SOURCE;
				MTL_FAST_MATH = YES;
				ONLY_ACTIVE_ARCH = YES;
				SDKROOT = iphoneos;
				SWIFT_ACTIVE_COMPILATION_CONDITIONS = "DEBUG $(inherited)";
				SWIFT_OPTIMIZATION_LEVEL = "-Onone";
			};
			name = Debug;
		};
		8436151C2B10465F003D1B6F /* Release */ = {
			isa = XCBuildConfiguration;
			buildSettings = {
				ALWAYS_SEARCH_USER_PATHS = NO;
				ASSETCATALOG_COMPILER_GENERATE_SWIFT_ASSET_SYMBOL_EXTENSIONS = YES;
				CLANG_ANALYZER_NONNULL = YES;
				CLANG_ANALYZER_NUMBER_OBJECT_CONVERSION = YES_AGGRESSIVE;
				CLANG_CXX_LANGUAGE_STANDARD = "gnu++20";
				CLANG_ENABLE_MODULES = YES;
				CLANG_ENABLE_OBJC_ARC = YES;
				CLANG_ENABLE_OBJC_WEAK = YES;
				CLANG_WARN_BLOCK_CAPTURE_AUTORELEASING = YES;
				CLANG_WARN_BOOL_CONVERSION = YES;
				CLANG_WARN_COMMA = YES;
				CLANG_WARN_CONSTANT_CONVERSION = YES;
				CLANG_WARN_DEPRECATED_OBJC_IMPLEMENTATIONS = YES;
				CLANG_WARN_DIRECT_OBJC_ISA_USAGE = YES_ERROR;
				CLANG_WARN_DOCUMENTATION_COMMENTS = YES;
				CLANG_WARN_EMPTY_BODY = YES;
				CLANG_WARN_ENUM_CONVERSION = YES;
				CLANG_WARN_INFINITE_RECURSION = YES;
				CLANG_WARN_INT_CONVERSION = YES;
				CLANG_WARN_NON_LITERAL_NULL_CONVERSION = YES;
				CLANG_WARN_OBJC_IMPLICIT_RETAIN_SELF = YES;
				CLANG_WARN_OBJC_LITERAL_CONVERSION = YES;
				CLANG_WARN_OBJC_ROOT_CLASS = YES_ERROR;
				CLANG_WARN_QUOTED_INCLUDE_IN_FRAMEWORK_HEADER = YES;
				CLANG_WARN_RANGE_LOOP_ANALYSIS = YES;
				CLANG_WARN_STRICT_PROTOTYPES = YES;
				CLANG_WARN_SUSPICIOUS_MOVE = YES;
				CLANG_WARN_UNGUARDED_AVAILABILITY = YES_AGGRESSIVE;
				CLANG_WARN_UNREACHABLE_CODE = YES;
				CLANG_WARN__DUPLICATE_METHOD_MATCH = YES;
				COPY_PHASE_STRIP = NO;
				DEBUG_INFORMATION_FORMAT = "dwarf-with-dsym";
				ENABLE_NS_ASSERTIONS = NO;
				ENABLE_STRICT_OBJC_MSGSEND = YES;
				ENABLE_USER_SCRIPT_SANDBOXING = NO;
				GCC_C_LANGUAGE_STANDARD = gnu17;
				GCC_NO_COMMON_BLOCKS = YES;
				GCC_WARN_64_TO_32_BIT_CONVERSION = YES;
				GCC_WARN_ABOUT_RETURN_TYPE = YES_ERROR;
				GCC_WARN_UNDECLARED_SELECTOR = YES;
				GCC_WARN_UNINITIALIZED_AUTOS = YES_AGGRESSIVE;
				GCC_WARN_UNUSED_FUNCTION = YES;
				GCC_WARN_UNUSED_VARIABLE = YES;
				IPHONEOS_DEPLOYMENT_TARGET = 17.0;
				LOCALIZATION_PREFERS_STRING_CATALOGS = YES;
				MTL_ENABLE_DEBUG_INFO = NO;
				MTL_FAST_MATH = YES;
				SDKROOT = iphoneos;
				SWIFT_COMPILATION_MODE = wholemodule;
				VALIDATE_PRODUCT = YES;
			};
			name = Release;
		};
		8436151E2B10465F003D1B6F /* Debug */ = {
			isa = XCBuildConfiguration;
			baseConfigurationReference = 0E67DE1CB27D3D59119BB5EA /* Pods-TrackerYandexPracticum.debug.xcconfig */;
			buildSettings = {
				ASSETCATALOG_COMPILER_APPICON_NAME = AppIcon;
				ASSETCATALOG_COMPILER_GLOBAL_ACCENT_COLOR_NAME = AccentColor;
				CODE_SIGN_STYLE = Automatic;
				CURRENT_PROJECT_VERSION = 1;
				DEVELOPMENT_TEAM = VHDFTCABKC;
				GENERATE_INFOPLIST_FILE = YES;
				INFOPLIST_FILE = TrackerYandexPracticum/Info.plist;
				INFOPLIST_KEY_UIApplicationSupportsIndirectInputEvents = YES;
				INFOPLIST_KEY_UILaunchStoryboardName = LaunchScreen;
				INFOPLIST_KEY_UISupportedInterfaceOrientations = UIInterfaceOrientationPortrait;
				IPHONEOS_DEPLOYMENT_TARGET = 13.4;
				LD_RUNPATH_SEARCH_PATHS = (
					"$(inherited)",
					"@executable_path/Frameworks",
				);
				MARKETING_VERSION = 1.0;
				PRODUCT_BUNDLE_IDENTIFIER = ru.EgorChekulaev.TrackerYandexPracticum;
				PRODUCT_NAME = "$(TARGET_NAME)";
				SUPPORTED_PLATFORMS = "iphoneos iphonesimulator";
				SUPPORTS_MACCATALYST = NO;
				SWIFT_EMIT_LOC_STRINGS = YES;
				SWIFT_VERSION = 5.0;
				TARGETED_DEVICE_FAMILY = 1;
			};
			name = Debug;
		};
		8436151F2B10465F003D1B6F /* Release */ = {
			isa = XCBuildConfiguration;
			baseConfigurationReference = 6496D71DCA8359FF2A39C3EE /* Pods-TrackerYandexPracticum.release.xcconfig */;
			buildSettings = {
				ASSETCATALOG_COMPILER_APPICON_NAME = AppIcon;
				ASSETCATALOG_COMPILER_GLOBAL_ACCENT_COLOR_NAME = AccentColor;
				CODE_SIGN_STYLE = Automatic;
				CURRENT_PROJECT_VERSION = 1;
				DEVELOPMENT_TEAM = VHDFTCABKC;
				GENERATE_INFOPLIST_FILE = YES;
				INFOPLIST_FILE = TrackerYandexPracticum/Info.plist;
				INFOPLIST_KEY_UIApplicationSupportsIndirectInputEvents = YES;
				INFOPLIST_KEY_UILaunchStoryboardName = LaunchScreen;
				INFOPLIST_KEY_UISupportedInterfaceOrientations = UIInterfaceOrientationPortrait;
				IPHONEOS_DEPLOYMENT_TARGET = 13.4;
				LD_RUNPATH_SEARCH_PATHS = (
					"$(inherited)",
					"@executable_path/Frameworks",
				);
				MARKETING_VERSION = 1.0;
				PRODUCT_BUNDLE_IDENTIFIER = ru.EgorChekulaev.TrackerYandexPracticum;
				PRODUCT_NAME = "$(TARGET_NAME)";
				SUPPORTED_PLATFORMS = "iphoneos iphonesimulator";
				SUPPORTS_MACCATALYST = NO;
				SWIFT_EMIT_LOC_STRINGS = YES;
				SWIFT_VERSION = 5.0;
				TARGETED_DEVICE_FAMILY = 1;
			};
			name = Release;
		};
/* End XCBuildConfiguration section */

/* Begin XCConfigurationList section */
		843615042B10465E003D1B6F /* Build configuration list for PBXProject "TrackerYandexPracticum" */ = {
			isa = XCConfigurationList;
			buildConfigurations = (
				8436151B2B10465F003D1B6F /* Debug */,
				8436151C2B10465F003D1B6F /* Release */,
			);
			defaultConfigurationIsVisible = 0;
			defaultConfigurationName = Release;
		};
		8436151D2B10465F003D1B6F /* Build configuration list for PBXNativeTarget "TrackerYandexPracticum" */ = {
			isa = XCConfigurationList;
			buildConfigurations = (
				8436151E2B10465F003D1B6F /* Debug */,
				8436151F2B10465F003D1B6F /* Release */,
			);
			defaultConfigurationIsVisible = 0;
			defaultConfigurationName = Release;
		};
/* End XCConfigurationList section */

/* Begin XCVersionGroup section */
		849D20AF2B36AD07005F4576 /* TrackerCoreData.xcdatamodeld */ = {
			isa = XCVersionGroup;
			children = (
				849D20B02B36AD07005F4576 /* TrackerCoreData.xcdatamodel */,
			);
			currentVersion = 849D20B02B36AD07005F4576 /* TrackerCoreData.xcdatamodel */;
			path = TrackerCoreData.xcdatamodeld;
			sourceTree = "<group>";
			versionGroupType = wrapper.xcdatamodel;
		};
/* End XCVersionGroup section */
	};
	rootObject = 843615012B10465E003D1B6F /* Project object */;
}
